
Microsoft Visual Studio Solution File, Format Version 12.00
# Visual Studio 15
VisualStudioVersion = 15.0.28307.421
MinimumVisualStudioVersion = 10.0.40219.1
Project("{9A19103F-16F7-4668-BE54-9A1E7A4F7556}") = "Niti", "Niti\Niti.csproj", "{D10674E3-8F44-4BC2-87E5-DBD022E84932}"
EndProject
Project("{9A19103F-16F7-4668-BE54-9A1E7A4F7556}") = "Niti_2", "Niti_2\Niti_2.csproj", "{F70C550D-1F5D-43BE-8553-51C49D423BEE}"
EndProject
Project("{9A19103F-16F7-4668-BE54-9A1E7A4F7556}") = "ThreadStatic", "ThreadStatic\ThreadStatic.csproj", "{CBB1265D-475C-483E-A1EC-DFE62A4C477F}"
EndProject
Project("{9A19103F-16F7-4668-BE54-9A1E7A4F7556}") = "InitDemo", "InitDemo\InitDemo.csproj", "{60447FA2-21A3-4B48-BA88-4B1E915CD339}"
EndProject
Project("{9A19103F-16F7-4668-BE54-9A1E7A4F7556}") = "ThreadJoinDemo", "ThreadJoinDemo\ThreadJoinDemo.csproj", "{BF41497E-ACFA-429C-A54D-F45781ADEC96}"
EndProject
Project("{9A19103F-16F7-4668-BE54-9A1E7A4F7556}") = "ForegroungBackgroundThreads", "ForegroungBackgroundThreads\ForegroungBackgroundThreads.csproj", "{AD36012B-7803-42DA-8A18-94BF3641D639}"
EndProject
Project("{9A19103F-16F7-4668-BE54-9A1E7A4F7556}") = "ParametrizedThreadStart", "ParametrizedThreadStart\ParametrizedThreadStart.csproj", "{F158F5B6-CE3E-4FFB-B36F-827EC57D8715}"
EndProject
Project("{9A19103F-16F7-4668-BE54-9A1E7A4F7556}") = "Task", "Task\Task.csproj", "{B2791678-D0C5-4D7A-97D8-ACE2D9569B16}"
EndProject
Project("{9A19103F-16F7-4668-BE54-9A1E7A4F7556}") = "TaskWaitAll", "TaskWaitAll\TaskWaitAll.csproj", "{7AFFD3B5-A77A-4DF2-AB5A-527C93D988B3}"
EndProject
Project("{9A19103F-16F7-4668-BE54-9A1E7A4F7556}") = "AsyncAwait", "AsyncAwait\AsyncAwait.csproj", "{5FB9FB0C-F6D3-4125-B533-D57837EC5DB4}"
EndProject
Project("{9A19103F-16F7-4668-BE54-9A1E7A4F7556}") = "TPL", "TPL\TPL.csproj", "{7BCC487F-248C-4A18-B132-2E75638A2C01}"
EndProject
Project("{9A19103F-16F7-4668-BE54-9A1E7A4F7556}") = "ParentChildTask", "ParentChildTask\ParentChildTask.csproj", "{A97AC34B-D3F0-4269-A540-16E6F61287AE}"
EndProject
Project("{9A19103F-16F7-4668-BE54-9A1E7A4F7556}") = "ParallelClass", "ParallelClass\ParallelClass.csproj", "{CF6D62DF-B032-41F2-8E67-715D6C682D29}"
EndProject
Project("{9A19103F-16F7-4668-BE54-9A1E7A4F7556}") = "ScalabilityVsResponsiveness", "ScalabilityVsResponsiveness\ScalabilityVsResponsiveness.csproj", "{0FE042D5-EC6D-465F-8C7C-0CF964D3B67E}"
EndProject
Project("{2150E333-8FDC-42A3-9474-1A3956D46DE8}") = "Threads, TPL, Async", "Threads, TPL, Async", "{6E98809C-796F-433E-9154-3649A1895E36}"
EndProject
Project("{2150E333-8FDC-42A3-9474-1A3956D46DE8}") = "PLINQ", "PLINQ", "{5B53DC3B-4E7E-4EC6-BBC4-CFF327D8A784}"
EndProject
Project("{9A19103F-16F7-4668-BE54-9A1E7A4F7556}") = "ParallelProgramming", "ParallelProgramming\ParallelProgramming.csproj", "{11F2010C-EF79-443F-91E9-A937CFB48D55}"
EndProject
Project("{9A19103F-16F7-4668-BE54-9A1E7A4F7556}") = "SimpleParallelIteration", "ConsoleApp2\SimpleParallelIteration.csproj", "{3C9BEB89-167C-416B-A81F-AABA9D8E3F35}"
EndProject
Project("{9A19103F-16F7-4668-BE54-9A1E7A4F7556}") = "OrderedParallelIteration", "OrderedParallelIteration\OrderedParallelIteration.csproj", "{200624A3-9DC1-4E23-B488-1B0569A52B6D}"
EndProject
Project("{9A19103F-16F7-4668-BE54-9A1E7A4F7556}") = "ParalellWithSequential", "ParalellWithSequential\ParalellWithSequential.csproj", "{8F9F364D-A9EC-4A18-8D91-289F2F48546A}"
EndProject
Project("{9A19103F-16F7-4668-BE54-9A1E7A4F7556}") = "AggregateException", "AggregateException\AggregateException.csproj", "{2FC3186B-EAD6-4BFB-B8B4-2B911E6E2ED9}"
EndProject
Project("{9A19103F-16F7-4668-BE54-9A1E7A4F7556}") = "ForAllDemo", "ForAllDemo\ForAllDemo.csproj", "{4ED94D1F-3287-414E-A3E2-3ACA0E35C9C8}"
EndProject
Project("{9A19103F-16F7-4668-BE54-9A1E7A4F7556}") = "BlockingCollection", "BlockingCollection\BlockingCollection.csproj", "{BC7B7BBB-CB66-4096-8E88-7BDA20AAE1D3}"
EndProject
Project("{9A19103F-16F7-4668-BE54-9A1E7A4F7556}") = "ZenOfAsync", "ZenOfAsync\ZenOfAsync.csproj", "{7A88F07D-BC6F-489D-BA2E-B66E6642167E}"
EndProject
Project("{2150E333-8FDC-42A3-9474-1A3956D46DE8}") = "Implementing program flow", "Implementing program flow", "{BF0B4841-1E2B-4D45-A5EB-7BE4AC53E717}"
EndProject
Project("{9A19103F-16F7-4668-BE54-9A1E7A4F7556}") = "SelectMany", "SelectMany\SelectMany.csproj", "{695AD457-BA7C-479F-B374-CAF7EAD6A47A}"
EndProject
Project("{9A19103F-16F7-4668-BE54-9A1E7A4F7556}") = "GoTo", "GoTo\GoTo.csproj", "{7CC43210-96EF-48DF-A707-9462780BA05F}"
EndProject
Project("{9A19103F-16F7-4668-BE54-9A1E7A4F7556}") = "ShortCircuitEvaluation", "ShortCircuitEvaluation\ShortCircuitEvaluation.csproj", "{55C1BB76-0804-4E2E-9F92-1FB76995A8B7}"
EndProject
Project("{2150E333-8FDC-42A3-9474-1A3956D46DE8}") = "Delegates", "Delegates", "{A008AABA-DE5D-4E88-98B5-042BCF92B6E5}"
EndProject
Project("{9A19103F-16F7-4668-BE54-9A1E7A4F7556}") = "SimpleDelegateDemo", "SimpleDelegateDemo\SimpleDelegateDemo.csproj", "{9D721943-A5BE-476C-AD7B-25127E484E86}"
EndProject
Project("{9A19103F-16F7-4668-BE54-9A1E7A4F7556}") = "LambdaDemo", "LambdaDemo\LambdaDemo.csproj", "{A5D05125-74AF-43D3-AD7F-3D614B2CA8EA}"
EndProject
Project("{9A19103F-16F7-4668-BE54-9A1E7A4F7556}") = "FuncDemo", "FuncDemo\FuncDemo.csproj", "{5E5BF7A1-C550-4F77-9AC6-B0373AD6F7EE}"
EndProject
Project("{9A19103F-16F7-4668-BE54-9A1E7A4F7556}") = "FuncDelegateDemo", "FuncDelegateDemo\FuncDelegateDemo.csproj", "{CCAF710E-D2C1-48E9-8F0D-2A5299BA8622}"
EndProject
Project("{FAE04EC0-301F-11D3-BF4B-00C04F79EFBC}") = "Events", "Events\Events.csproj", "{7BDE19FA-D7C4-4A6A-9A72-23780D674CD6}"
EndProject
Global
	GlobalSection(SolutionConfigurationPlatforms) = preSolution
		Debug|Any CPU = Debug|Any CPU
		Release|Any CPU = Release|Any CPU
	EndGlobalSection
	GlobalSection(ProjectConfigurationPlatforms) = postSolution
		{D10674E3-8F44-4BC2-87E5-DBD022E84932}.Debug|Any CPU.ActiveCfg = Debug|Any CPU
		{D10674E3-8F44-4BC2-87E5-DBD022E84932}.Debug|Any CPU.Build.0 = Debug|Any CPU
		{D10674E3-8F44-4BC2-87E5-DBD022E84932}.Release|Any CPU.ActiveCfg = Release|Any CPU
		{D10674E3-8F44-4BC2-87E5-DBD022E84932}.Release|Any CPU.Build.0 = Release|Any CPU
		{F70C550D-1F5D-43BE-8553-51C49D423BEE}.Debug|Any CPU.ActiveCfg = Debug|Any CPU
		{F70C550D-1F5D-43BE-8553-51C49D423BEE}.Debug|Any CPU.Build.0 = Debug|Any CPU
		{F70C550D-1F5D-43BE-8553-51C49D423BEE}.Release|Any CPU.ActiveCfg = Release|Any CPU
		{F70C550D-1F5D-43BE-8553-51C49D423BEE}.Release|Any CPU.Build.0 = Release|Any CPU
		{CBB1265D-475C-483E-A1EC-DFE62A4C477F}.Debug|Any CPU.ActiveCfg = Debug|Any CPU
		{CBB1265D-475C-483E-A1EC-DFE62A4C477F}.Debug|Any CPU.Build.0 = Debug|Any CPU
		{CBB1265D-475C-483E-A1EC-DFE62A4C477F}.Release|Any CPU.ActiveCfg = Release|Any CPU
		{CBB1265D-475C-483E-A1EC-DFE62A4C477F}.Release|Any CPU.Build.0 = Release|Any CPU
		{60447FA2-21A3-4B48-BA88-4B1E915CD339}.Debug|Any CPU.ActiveCfg = Debug|Any CPU
		{60447FA2-21A3-4B48-BA88-4B1E915CD339}.Debug|Any CPU.Build.0 = Debug|Any CPU
		{60447FA2-21A3-4B48-BA88-4B1E915CD339}.Release|Any CPU.ActiveCfg = Release|Any CPU
		{60447FA2-21A3-4B48-BA88-4B1E915CD339}.Release|Any CPU.Build.0 = Release|Any CPU
		{BF41497E-ACFA-429C-A54D-F45781ADEC96}.Debug|Any CPU.ActiveCfg = Debug|Any CPU
		{BF41497E-ACFA-429C-A54D-F45781ADEC96}.Debug|Any CPU.Build.0 = Debug|Any CPU
		{BF41497E-ACFA-429C-A54D-F45781ADEC96}.Release|Any CPU.ActiveCfg = Release|Any CPU
		{BF41497E-ACFA-429C-A54D-F45781ADEC96}.Release|Any CPU.Build.0 = Release|Any CPU
		{AD36012B-7803-42DA-8A18-94BF3641D639}.Debug|Any CPU.ActiveCfg = Debug|Any CPU
		{AD36012B-7803-42DA-8A18-94BF3641D639}.Debug|Any CPU.Build.0 = Debug|Any CPU
		{AD36012B-7803-42DA-8A18-94BF3641D639}.Release|Any CPU.ActiveCfg = Release|Any CPU
		{AD36012B-7803-42DA-8A18-94BF3641D639}.Release|Any CPU.Build.0 = Release|Any CPU
		{F158F5B6-CE3E-4FFB-B36F-827EC57D8715}.Debug|Any CPU.ActiveCfg = Debug|Any CPU
		{F158F5B6-CE3E-4FFB-B36F-827EC57D8715}.Debug|Any CPU.Build.0 = Debug|Any CPU
		{F158F5B6-CE3E-4FFB-B36F-827EC57D8715}.Release|Any CPU.ActiveCfg = Release|Any CPU
		{F158F5B6-CE3E-4FFB-B36F-827EC57D8715}.Release|Any CPU.Build.0 = Release|Any CPU
		{B2791678-D0C5-4D7A-97D8-ACE2D9569B16}.Debug|Any CPU.ActiveCfg = Debug|Any CPU
		{B2791678-D0C5-4D7A-97D8-ACE2D9569B16}.Debug|Any CPU.Build.0 = Debug|Any CPU
		{B2791678-D0C5-4D7A-97D8-ACE2D9569B16}.Release|Any CPU.ActiveCfg = Release|Any CPU
		{B2791678-D0C5-4D7A-97D8-ACE2D9569B16}.Release|Any CPU.Build.0 = Release|Any CPU
		{7AFFD3B5-A77A-4DF2-AB5A-527C93D988B3}.Debug|Any CPU.ActiveCfg = Debug|Any CPU
		{7AFFD3B5-A77A-4DF2-AB5A-527C93D988B3}.Debug|Any CPU.Build.0 = Debug|Any CPU
		{7AFFD3B5-A77A-4DF2-AB5A-527C93D988B3}.Release|Any CPU.ActiveCfg = Release|Any CPU
		{7AFFD3B5-A77A-4DF2-AB5A-527C93D988B3}.Release|Any CPU.Build.0 = Release|Any CPU
		{5FB9FB0C-F6D3-4125-B533-D57837EC5DB4}.Debug|Any CPU.ActiveCfg = Debug|Any CPU
		{5FB9FB0C-F6D3-4125-B533-D57837EC5DB4}.Debug|Any CPU.Build.0 = Debug|Any CPU
		{5FB9FB0C-F6D3-4125-B533-D57837EC5DB4}.Release|Any CPU.ActiveCfg = Release|Any CPU
		{5FB9FB0C-F6D3-4125-B533-D57837EC5DB4}.Release|Any CPU.Build.0 = Release|Any CPU
		{7BCC487F-248C-4A18-B132-2E75638A2C01}.Debug|Any CPU.ActiveCfg = Debug|Any CPU
		{7BCC487F-248C-4A18-B132-2E75638A2C01}.Debug|Any CPU.Build.0 = Debug|Any CPU
		{7BCC487F-248C-4A18-B132-2E75638A2C01}.Release|Any CPU.ActiveCfg = Release|Any CPU
		{7BCC487F-248C-4A18-B132-2E75638A2C01}.Release|Any CPU.Build.0 = Release|Any CPU
		{A97AC34B-D3F0-4269-A540-16E6F61287AE}.Debug|Any CPU.ActiveCfg = Debug|Any CPU
		{A97AC34B-D3F0-4269-A540-16E6F61287AE}.Debug|Any CPU.Build.0 = Debug|Any CPU
		{A97AC34B-D3F0-4269-A540-16E6F61287AE}.Release|Any CPU.ActiveCfg = Release|Any CPU
		{A97AC34B-D3F0-4269-A540-16E6F61287AE}.Release|Any CPU.Build.0 = Release|Any CPU
		{CF6D62DF-B032-41F2-8E67-715D6C682D29}.Debug|Any CPU.ActiveCfg = Debug|Any CPU
		{CF6D62DF-B032-41F2-8E67-715D6C682D29}.Debug|Any CPU.Build.0 = Debug|Any CPU
		{CF6D62DF-B032-41F2-8E67-715D6C682D29}.Release|Any CPU.ActiveCfg = Release|Any CPU
		{CF6D62DF-B032-41F2-8E67-715D6C682D29}.Release|Any CPU.Build.0 = Release|Any CPU
		{0FE042D5-EC6D-465F-8C7C-0CF964D3B67E}.Debug|Any CPU.ActiveCfg = Debug|Any CPU
		{0FE042D5-EC6D-465F-8C7C-0CF964D3B67E}.Debug|Any CPU.Build.0 = Debug|Any CPU
		{0FE042D5-EC6D-465F-8C7C-0CF964D3B67E}.Release|Any CPU.ActiveCfg = Release|Any CPU
		{0FE042D5-EC6D-465F-8C7C-0CF964D3B67E}.Release|Any CPU.Build.0 = Release|Any CPU
		{11F2010C-EF79-443F-91E9-A937CFB48D55}.Debug|Any CPU.ActiveCfg = Debug|Any CPU
		{11F2010C-EF79-443F-91E9-A937CFB48D55}.Debug|Any CPU.Build.0 = Debug|Any CPU
		{11F2010C-EF79-443F-91E9-A937CFB48D55}.Release|Any CPU.ActiveCfg = Release|Any CPU
		{11F2010C-EF79-443F-91E9-A937CFB48D55}.Release|Any CPU.Build.0 = Release|Any CPU
		{3C9BEB89-167C-416B-A81F-AABA9D8E3F35}.Debug|Any CPU.ActiveCfg = Debug|Any CPU
		{3C9BEB89-167C-416B-A81F-AABA9D8E3F35}.Debug|Any CPU.Build.0 = Debug|Any CPU
		{3C9BEB89-167C-416B-A81F-AABA9D8E3F35}.Release|Any CPU.ActiveCfg = Release|Any CPU
		{3C9BEB89-167C-416B-A81F-AABA9D8E3F35}.Release|Any CPU.Build.0 = Release|Any CPU
		{200624A3-9DC1-4E23-B488-1B0569A52B6D}.Debug|Any CPU.ActiveCfg = Debug|Any CPU
		{200624A3-9DC1-4E23-B488-1B0569A52B6D}.Debug|Any CPU.Build.0 = Debug|Any CPU
		{200624A3-9DC1-4E23-B488-1B0569A52B6D}.Release|Any CPU.ActiveCfg = Release|Any CPU
		{200624A3-9DC1-4E23-B488-1B0569A52B6D}.Release|Any CPU.Build.0 = Release|Any CPU
		{8F9F364D-A9EC-4A18-8D91-289F2F48546A}.Debug|Any CPU.ActiveCfg = Debug|Any CPU
		{8F9F364D-A9EC-4A18-8D91-289F2F48546A}.Debug|Any CPU.Build.0 = Debug|Any CPU
		{8F9F364D-A9EC-4A18-8D91-289F2F48546A}.Release|Any CPU.ActiveCfg = Release|Any CPU
		{8F9F364D-A9EC-4A18-8D91-289F2F48546A}.Release|Any CPU.Build.0 = Release|Any CPU
		{2FC3186B-EAD6-4BFB-B8B4-2B911E6E2ED9}.Debug|Any CPU.ActiveCfg = Debug|Any CPU
		{2FC3186B-EAD6-4BFB-B8B4-2B911E6E2ED9}.Debug|Any CPU.Build.0 = Debug|Any CPU
		{2FC3186B-EAD6-4BFB-B8B4-2B911E6E2ED9}.Release|Any CPU.ActiveCfg = Release|Any CPU
		{2FC3186B-EAD6-4BFB-B8B4-2B911E6E2ED9}.Release|Any CPU.Build.0 = Release|Any CPU
		{4ED94D1F-3287-414E-A3E2-3ACA0E35C9C8}.Debug|Any CPU.ActiveCfg = Debug|Any CPU
		{4ED94D1F-3287-414E-A3E2-3ACA0E35C9C8}.Debug|Any CPU.Build.0 = Debug|Any CPU
		{4ED94D1F-3287-414E-A3E2-3ACA0E35C9C8}.Release|Any CPU.ActiveCfg = Release|Any CPU
		{4ED94D1F-3287-414E-A3E2-3ACA0E35C9C8}.Release|Any CPU.Build.0 = Release|Any CPU
		{BC7B7BBB-CB66-4096-8E88-7BDA20AAE1D3}.Debug|Any CPU.ActiveCfg = Debug|Any CPU
		{BC7B7BBB-CB66-4096-8E88-7BDA20AAE1D3}.Debug|Any CPU.Build.0 = Debug|Any CPU
		{BC7B7BBB-CB66-4096-8E88-7BDA20AAE1D3}.Release|Any CPU.ActiveCfg = Release|Any CPU
		{BC7B7BBB-CB66-4096-8E88-7BDA20AAE1D3}.Release|Any CPU.Build.0 = Release|Any CPU
		{7A88F07D-BC6F-489D-BA2E-B66E6642167E}.Debug|Any CPU.ActiveCfg = Debug|Any CPU
		{7A88F07D-BC6F-489D-BA2E-B66E6642167E}.Debug|Any CPU.Build.0 = Debug|Any CPU
		{7A88F07D-BC6F-489D-BA2E-B66E6642167E}.Release|Any CPU.ActiveCfg = Release|Any CPU
		{7A88F07D-BC6F-489D-BA2E-B66E6642167E}.Release|Any CPU.Build.0 = Release|Any CPU
		{695AD457-BA7C-479F-B374-CAF7EAD6A47A}.Debug|Any CPU.ActiveCfg = Debug|Any CPU
		{695AD457-BA7C-479F-B374-CAF7EAD6A47A}.Debug|Any CPU.Build.0 = Debug|Any CPU
		{695AD457-BA7C-479F-B374-CAF7EAD6A47A}.Release|Any CPU.ActiveCfg = Release|Any CPU
		{695AD457-BA7C-479F-B374-CAF7EAD6A47A}.Release|Any CPU.Build.0 = Release|Any CPU
		{7CC43210-96EF-48DF-A707-9462780BA05F}.Debug|Any CPU.ActiveCfg = Debug|Any CPU
		{7CC43210-96EF-48DF-A707-9462780BA05F}.Debug|Any CPU.Build.0 = Debug|Any CPU
		{7CC43210-96EF-48DF-A707-9462780BA05F}.Release|Any CPU.ActiveCfg = Release|Any CPU
		{7CC43210-96EF-48DF-A707-9462780BA05F}.Release|Any CPU.Build.0 = Release|Any CPU
		{55C1BB76-0804-4E2E-9F92-1FB76995A8B7}.Debug|Any CPU.ActiveCfg = Debug|Any CPU
		{55C1BB76-0804-4E2E-9F92-1FB76995A8B7}.Debug|Any CPU.Build.0 = Debug|Any CPU
		{55C1BB76-0804-4E2E-9F92-1FB76995A8B7}.Release|Any CPU.ActiveCfg = Release|Any CPU
		{55C1BB76-0804-4E2E-9F92-1FB76995A8B7}.Release|Any CPU.Build.0 = Release|Any CPU
		{9D721943-A5BE-476C-AD7B-25127E484E86}.Debug|Any CPU.ActiveCfg = Debug|Any CPU
		{9D721943-A5BE-476C-AD7B-25127E484E86}.Debug|Any CPU.Build.0 = Debug|Any CPU
		{9D721943-A5BE-476C-AD7B-25127E484E86}.Release|Any CPU.ActiveCfg = Release|Any CPU
		{9D721943-A5BE-476C-AD7B-25127E484E86}.Release|Any CPU.Build.0 = Release|Any CPU
		{A5D05125-74AF-43D3-AD7F-3D614B2CA8EA}.Debug|Any CPU.ActiveCfg = Debug|Any CPU
		{A5D05125-74AF-43D3-AD7F-3D614B2CA8EA}.Debug|Any CPU.Build.0 = Debug|Any CPU
		{A5D05125-74AF-43D3-AD7F-3D614B2CA8EA}.Release|Any CPU.ActiveCfg = Release|Any CPU
		{A5D05125-74AF-43D3-AD7F-3D614B2CA8EA}.Release|Any CPU.Build.0 = Release|Any CPU
		{5E5BF7A1-C550-4F77-9AC6-B0373AD6F7EE}.Debug|Any CPU.ActiveCfg = Debug|Any CPU
		{5E5BF7A1-C550-4F77-9AC6-B0373AD6F7EE}.Debug|Any CPU.Build.0 = Debug|Any CPU
		{5E5BF7A1-C550-4F77-9AC6-B0373AD6F7EE}.Release|Any CPU.ActiveCfg = Release|Any CPU
		{5E5BF7A1-C550-4F77-9AC6-B0373AD6F7EE}.Release|Any CPU.Build.0 = Release|Any CPU
		{CCAF710E-D2C1-48E9-8F0D-2A5299BA8622}.Debug|Any CPU.ActiveCfg = Debug|Any CPU
		{CCAF710E-D2C1-48E9-8F0D-2A5299BA8622}.Debug|Any CPU.Build.0 = Debug|Any CPU
		{CCAF710E-D2C1-48E9-8F0D-2A5299BA8622}.Release|Any CPU.ActiveCfg = Release|Any CPU
		{CCAF710E-D2C1-48E9-8F0D-2A5299BA8622}.Release|Any CPU.Build.0 = Release|Any CPU
		{7BDE19FA-D7C4-4A6A-9A72-23780D674CD6}.Debug|Any CPU.ActiveCfg = Debug|Any CPU
		{7BDE19FA-D7C4-4A6A-9A72-23780D674CD6}.Debug|Any CPU.Build.0 = Debug|Any CPU
		{7BDE19FA-D7C4-4A6A-9A72-23780D674CD6}.Release|Any CPU.ActiveCfg = Release|Any CPU
		{7BDE19FA-D7C4-4A6A-9A72-23780D674CD6}.Release|Any CPU.Build.0 = Release|Any CPU
	EndGlobalSection
	GlobalSection(SolutionProperties) = preSolution
		HideSolutionNode = FALSE
	EndGlobalSection
	GlobalSection(NestedProjects) = preSolution
		{D10674E3-8F44-4BC2-87E5-DBD022E84932} = {6E98809C-796F-433E-9154-3649A1895E36}
		{F70C550D-1F5D-43BE-8553-51C49D423BEE} = {6E98809C-796F-433E-9154-3649A1895E36}
		{CBB1265D-475C-483E-A1EC-DFE62A4C477F} = {6E98809C-796F-433E-9154-3649A1895E36}
		{60447FA2-21A3-4B48-BA88-4B1E915CD339} = {6E98809C-796F-433E-9154-3649A1895E36}
		{BF41497E-ACFA-429C-A54D-F45781ADEC96} = {6E98809C-796F-433E-9154-3649A1895E36}
		{AD36012B-7803-42DA-8A18-94BF3641D639} = {6E98809C-796F-433E-9154-3649A1895E36}
		{F158F5B6-CE3E-4FFB-B36F-827EC57D8715} = {6E98809C-796F-433E-9154-3649A1895E36}
		{B2791678-D0C5-4D7A-97D8-ACE2D9569B16} = {6E98809C-796F-433E-9154-3649A1895E36}
		{7AFFD3B5-A77A-4DF2-AB5A-527C93D988B3} = {6E98809C-796F-433E-9154-3649A1895E36}
		{5FB9FB0C-F6D3-4125-B533-D57837EC5DB4} = {6E98809C-796F-433E-9154-3649A1895E36}
		{7BCC487F-248C-4A18-B132-2E75638A2C01} = {6E98809C-796F-433E-9154-3649A1895E36}
		{A97AC34B-D3F0-4269-A540-16E6F61287AE} = {6E98809C-796F-433E-9154-3649A1895E36}
		{CF6D62DF-B032-41F2-8E67-715D6C682D29} = {6E98809C-796F-433E-9154-3649A1895E36}
		{0FE042D5-EC6D-465F-8C7C-0CF964D3B67E} = {6E98809C-796F-433E-9154-3649A1895E36}
		{5B53DC3B-4E7E-4EC6-BBC4-CFF327D8A784} = {6E98809C-796F-433E-9154-3649A1895E36}
		{11F2010C-EF79-443F-91E9-A937CFB48D55} = {5B53DC3B-4E7E-4EC6-BBC4-CFF327D8A784}
		{3C9BEB89-167C-416B-A81F-AABA9D8E3F35} = {5B53DC3B-4E7E-4EC6-BBC4-CFF327D8A784}
		{200624A3-9DC1-4E23-B488-1B0569A52B6D} = {5B53DC3B-4E7E-4EC6-BBC4-CFF327D8A784}
		{8F9F364D-A9EC-4A18-8D91-289F2F48546A} = {5B53DC3B-4E7E-4EC6-BBC4-CFF327D8A784}
		{2FC3186B-EAD6-4BFB-B8B4-2B911E6E2ED9} = {5B53DC3B-4E7E-4EC6-BBC4-CFF327D8A784}
		{4ED94D1F-3287-414E-A3E2-3ACA0E35C9C8} = {5B53DC3B-4E7E-4EC6-BBC4-CFF327D8A784}
		{BC7B7BBB-CB66-4096-8E88-7BDA20AAE1D3} = {6E98809C-796F-433E-9154-3649A1895E36}
		{7A88F07D-BC6F-489D-BA2E-B66E6642167E} = {6E98809C-796F-433E-9154-3649A1895E36}
		{695AD457-BA7C-479F-B374-CAF7EAD6A47A} = {BF0B4841-1E2B-4D45-A5EB-7BE4AC53E717}
		{7CC43210-96EF-48DF-A707-9462780BA05F} = {BF0B4841-1E2B-4D45-A5EB-7BE4AC53E717}
		{55C1BB76-0804-4E2E-9F92-1FB76995A8B7} = {BF0B4841-1E2B-4D45-A5EB-7BE4AC53E717}
		{A008AABA-DE5D-4E88-98B5-042BCF92B6E5} = {BF0B4841-1E2B-4D45-A5EB-7BE4AC53E717}
		{9D721943-A5BE-476C-AD7B-25127E484E86} = {A008AABA-DE5D-4E88-98B5-042BCF92B6E5}
		{A5D05125-74AF-43D3-AD7F-3D614B2CA8EA} = {A008AABA-DE5D-4E88-98B5-042BCF92B6E5}
		{5E5BF7A1-C550-4F77-9AC6-B0373AD6F7EE} = {A008AABA-DE5D-4E88-98B5-042BCF92B6E5}
		{CCAF710E-D2C1-48E9-8F0D-2A5299BA8622} = {A008AABA-DE5D-4E88-98B5-042BCF92B6E5}
		{7BDE19FA-D7C4-4A6A-9A72-23780D674CD6} = {BF0B4841-1E2B-4D45-A5EB-7BE4AC53E717}
	EndGlobalSection
	GlobalSection(ExtensibilityGlobals) = postSolution
		SolutionGuid = {D16DD5A0-F636-4420-BFED-5E0992DBFA3B}
	EndGlobalSection
EndGlobal
